
Microsoft Visual Studio Solution File, Format Version 12.00
# Visual Studio Version 17
VisualStudioVersion = 17.7.34024.191
MinimumVisualStudioVersion = 10.0.40219.1
Project("{FAE04EC0-301F-11D3-BF4B-00C04F79EFBC}") = "TaskManagementAPI", "TaskManagementAPI.csproj", "{805D2450-47DA-4E44-82FA-0123F22BB6F1}"
EndProject
Global
	GlobalSection(SolutionConfigurationPlatforms) = preSolution
		Debug|Any CPU = Debug|Any CPU
		Release|Any CPU = Release|Any CPU
	EndGlobalSection
	GlobalSection(ProjectConfigurationPlatforms) = postSolution
		{805D2450-47DA-4E44-82FA-0123F22BB6F1}.Debug|Any CPU.ActiveCfg = Debug|Any CPU
		{805D2450-47DA-4E44-82FA-0123F22BB6F1}.Debug|Any CPU.Build.0 = Debug|Any CPU
		{805D2450-47DA-4E44-82FA-0123F22BB6F1}.Release|Any CPU.ActiveCfg = Release|Any CPU
		{805D2450-47DA-4E44-82FA-0123F22BB6F1}.Release|Any CPU.Build.0 = Release|Any CPU
	EndGlobalSection
	GlobalSection(SolutionProperties) = preSolution
		HideSolutionNode = FALSE
	EndGlobalSection
	GlobalSection(ExtensibilityGlobals) = postSolution
		SolutionGuid = {68E9CC96-D33F-452D-83F5-E627898CBEE2}
	EndGlobalSection
EndGlobal
